
Microsoft Visual Studio Solution File, Format Version 12.00
# Visual Studio 15
VisualStudioVersion = 15.0.26124.0
MinimumVisualStudioVersion = 15.0.26124.0
Project("{2150E333-8FDC-42A3-9474-1A3956D46DE8}") = "src", "src", "{B652E549-8F9A-4746-AC02-B9E54BF437E9}"
EndProject
Project("{2150E333-8FDC-42A3-9474-1A3956D46DE8}") = "tests", "tests", "{D847D827-A525-41EB-A748-D7A43FAFB8C7}"
EndProject
Project("{9A19103F-16F7-4668-BE54-9A1E7A4F7556}") = "Livraria.Testes.Unidade", "tests\Livraria.Testes.Unidade\Livraria.Testes.Unidade.csproj", "{3A85826A-4F3E-4A6D-A5D1-B192A05E701C}"
EndProject
Project("{9A19103F-16F7-4668-BE54-9A1E7A4F7556}") = "Livraria.Testes.Comum", "tests\Livraria.Testes.Comum\Livraria.Testes.Comum.csproj", "{05CAC7E8-8B53-48FF-A61E-C5AA0EA84C98}"
EndProject
Project("{9A19103F-16F7-4668-BE54-9A1E7A4F7556}") = "Livraria.Testes.Integracao", "tests\Livraria.Testes.Integracao\Livraria.Testes.Integracao.csproj", "{9DDE253B-FC2A-4121-8375-86B2D6A9931B}"
EndProject
Project("{9A19103F-16F7-4668-BE54-9A1E7A4F7556}") = "Livraria.Api", "src\Livraria.Api\Livraria.Api.csproj", "{F151BF97-7935-43E6-8C30-E6A1CB775265}"
EndProject
Project("{2150E333-8FDC-42A3-9474-1A3956D46DE8}") = "db", "db", "{18130D19-105B-43A6-8740-15B4864FE6F0}"
EndProject
Project("{9A19103F-16F7-4668-BE54-9A1E7A4F7556}") = "Livraria.Testes.Api", "tests\Livraria.Testes.Api\Livraria.Testes.Api.csproj", "{304B3F53-DAD7-400A-A6F4-424E56659343}"
EndProject
Project("{FAE04EC0-301F-11D3-BF4B-00C04F79EFBC}") = "Livraria.Aplicacao", "src\Livraria.Aplicacao\Livraria.Aplicacao.csproj", "{6FC9393E-65CE-4C55-99D7-05AC0AD390E9}"
EndProject
Global
	GlobalSection(SolutionConfigurationPlatforms) = preSolution
		Debug|Any CPU = Debug|Any CPU
		Release|Any CPU = Release|Any CPU
	EndGlobalSection
	GlobalSection(ProjectConfigurationPlatforms) = postSolution
		{3A85826A-4F3E-4A6D-A5D1-B192A05E701C}.Debug|Any CPU.ActiveCfg = Debug|Any CPU
		{3A85826A-4F3E-4A6D-A5D1-B192A05E701C}.Debug|Any CPU.Build.0 = Debug|Any CPU
		{3A85826A-4F3E-4A6D-A5D1-B192A05E701C}.Release|Any CPU.ActiveCfg = Release|Any CPU
		{3A85826A-4F3E-4A6D-A5D1-B192A05E701C}.Release|Any CPU.Build.0 = Release|Any CPU
		{05CAC7E8-8B53-48FF-A61E-C5AA0EA84C98}.Debug|Any CPU.ActiveCfg = Debug|Any CPU
		{05CAC7E8-8B53-48FF-A61E-C5AA0EA84C98}.Debug|Any CPU.Build.0 = Debug|Any CPU
		{05CAC7E8-8B53-48FF-A61E-C5AA0EA84C98}.Release|Any CPU.ActiveCfg = Release|Any CPU
		{05CAC7E8-8B53-48FF-A61E-C5AA0EA84C98}.Release|Any CPU.Build.0 = Release|Any CPU
		{9DDE253B-FC2A-4121-8375-86B2D6A9931B}.Debug|Any CPU.ActiveCfg = Debug|Any CPU
		{9DDE253B-FC2A-4121-8375-86B2D6A9931B}.Debug|Any CPU.Build.0 = Debug|Any CPU
		{9DDE253B-FC2A-4121-8375-86B2D6A9931B}.Release|Any CPU.ActiveCfg = Release|Any CPU
		{9DDE253B-FC2A-4121-8375-86B2D6A9931B}.Release|Any CPU.Build.0 = Release|Any CPU
		{F151BF97-7935-43E6-8C30-E6A1CB775265}.Debug|Any CPU.ActiveCfg = Debug|Any CPU
		{F151BF97-7935-43E6-8C30-E6A1CB775265}.Debug|Any CPU.Build.0 = Debug|Any CPU
		{F151BF97-7935-43E6-8C30-E6A1CB775265}.Release|Any CPU.ActiveCfg = Release|Any CPU
		{F151BF97-7935-43E6-8C30-E6A1CB775265}.Release|Any CPU.Build.0 = Release|Any CPU
		{304B3F53-DAD7-400A-A6F4-424E56659343}.Debug|Any CPU.ActiveCfg = Debug|Any CPU
		{304B3F53-DAD7-400A-A6F4-424E56659343}.Debug|Any CPU.Build.0 = Debug|Any CPU
		{304B3F53-DAD7-400A-A6F4-424E56659343}.Release|Any CPU.ActiveCfg = Release|Any CPU
		{304B3F53-DAD7-400A-A6F4-424E56659343}.Release|Any CPU.Build.0 = Release|Any CPU
		{6FC9393E-65CE-4C55-99D7-05AC0AD390E9}.Debug|Any CPU.ActiveCfg = Debug|Any CPU
		{6FC9393E-65CE-4C55-99D7-05AC0AD390E9}.Debug|Any CPU.Build.0 = Debug|Any CPU
		{6FC9393E-65CE-4C55-99D7-05AC0AD390E9}.Release|Any CPU.ActiveCfg = Release|Any CPU
		{6FC9393E-65CE-4C55-99D7-05AC0AD390E9}.Release|Any CPU.Build.0 = Release|Any CPU
	EndGlobalSection
	GlobalSection(SolutionProperties) = preSolution
		HideSolutionNode = FALSE
	EndGlobalSection
	GlobalSection(NestedProjects) = preSolution
		{3A85826A-4F3E-4A6D-A5D1-B192A05E701C} = {D847D827-A525-41EB-A748-D7A43FAFB8C7}
		{05CAC7E8-8B53-48FF-A61E-C5AA0EA84C98} = {D847D827-A525-41EB-A748-D7A43FAFB8C7}
		{9DDE253B-FC2A-4121-8375-86B2D6A9931B} = {D847D827-A525-41EB-A748-D7A43FAFB8C7}
		{F151BF97-7935-43E6-8C30-E6A1CB775265} = {B652E549-8F9A-4746-AC02-B9E54BF437E9}
		{304B3F53-DAD7-400A-A6F4-424E56659343} = {D847D827-A525-41EB-A748-D7A43FAFB8C7}
		{6FC9393E-65CE-4C55-99D7-05AC0AD390E9} = {B652E549-8F9A-4746-AC02-B9E54BF437E9}
	EndGlobalSection
	GlobalSection(ExtensibilityGlobals) = postSolution
		SolutionGuid = {D2DB3E50-2679-4F46-8927-94C3775AE339}
	EndGlobalSection
EndGlobal
